
Microsoft Visual Studio Solution File, Format Version 11.00
# Visual Studio 2010
Project("{FAE04EC0-301F-11D3-BF4B-00C04F79EFBC}") = "FMS_Manager", "FMS_Manager\FMS_Manager.csproj", "{5877E53F-C303-4B52-BFCB-B9238CE038CD}"
EndProject
Global
	GlobalSection(SolutionConfigurationPlatforms) = preSolution
		Debug|Any CPU = Debug|Any CPU
		Release|Any CPU = Release|Any CPU
	EndGlobalSection
	GlobalSection(ProjectConfigurationPlatforms) = postSolution
		{5877E53F-C303-4B52-BFCB-B9238CE038CD}.Debug|Any CPU.ActiveCfg = Debug|Any CPU
		{5877E53F-C303-4B52-BFCB-B9238CE038CD}.Debug|Any CPU.Build.0 = Debug|Any CPU
		{5877E53F-C303-4B52-BFCB-B9238CE038CD}.Release|Any CPU.ActiveCfg = Release|Any CPU
		{5877E53F-C303-4B52-BFCB-B9238CE038CD}.Release|Any CPU.Build.0 = Release|Any CPU
	EndGlobalSection
	GlobalSection(SolutionProperties) = preSolution
		HideSolutionNode = FALSE
	EndGlobalSection
EndGlobal
